
Microsoft Visual Studio Solution File, Format Version 12.00
# Visual Studio Version 17
VisualStudioVersion = 17.7.34031.279
MinimumVisualStudioVersion = 10.0.40219.1
Project("{FAE04EC0-301F-11D3-BF4B-00C04F79EFBC}") = "9", "9.csproj", "{90964467-0C0D-482D-8DC6-B37962EE7305}"
EndProject
Global
	GlobalSection(SolutionConfigurationPlatforms) = preSolution
		Debug|Any CPU = Debug|Any CPU
		Release|Any CPU = Release|Any CPU
	EndGlobalSection
	GlobalSection(ProjectConfigurationPlatforms) = postSolution
		{90964467-0C0D-482D-8DC6-B37962EE7305}.Debug|Any CPU.ActiveCfg = Debug|Any CPU
		{90964467-0C0D-482D-8DC6-B37962EE7305}.Debug|Any CPU.Build.0 = Debug|Any CPU
		{90964467-0C0D-482D-8DC6-B37962EE7305}.Release|Any CPU.ActiveCfg = Release|Any CPU
		{90964467-0C0D-482D-8DC6-B37962EE7305}.Release|Any CPU.Build.0 = Release|Any CPU
	EndGlobalSection
	GlobalSection(SolutionProperties) = preSolution
		HideSolutionNode = FALSE
	EndGlobalSection
	GlobalSection(ExtensibilityGlobals) = postSolution
		SolutionGuid = {2255A437-D013-43AC-8332-402FE0EF5CA4}
	EndGlobalSection
EndGlobal
