
Microsoft Visual Studio Solution File, Format Version 12.00
# Visual Studio Version 17
VisualStudioVersion = 17.7.34031.279
MinimumVisualStudioVersion = 10.0.40219.1
Project("{8BC9CEB8-8B4A-11D0-8D11-00A0C91BC942}") = "6", "6.vcxproj", "{EB973B68-A84E-484D-8B3C-4DA09DFCE201}"
EndProject
Global
	GlobalSection(SolutionConfigurationPlatforms) = preSolution
		Debug|x64 = Debug|x64
		Debug|x86 = Debug|x86
		Release|x64 = Release|x64
		Release|x86 = Release|x86
	EndGlobalSection
	GlobalSection(ProjectConfigurationPlatforms) = postSolution
		{EB973B68-A84E-484D-8B3C-4DA09DFCE201}.Debug|x64.ActiveCfg = Debug|x64
		{EB973B68-A84E-484D-8B3C-4DA09DFCE201}.Debug|x64.Build.0 = Debug|x64
		{EB973B68-A84E-484D-8B3C-4DA09DFCE201}.Debug|x86.ActiveCfg = Debug|Win32
		{EB973B68-A84E-484D-8B3C-4DA09DFCE201}.Debug|x86.Build.0 = Debug|Win32
		{EB973B68-A84E-484D-8B3C-4DA09DFCE201}.Release|x64.ActiveCfg = Release|x64
		{EB973B68-A84E-484D-8B3C-4DA09DFCE201}.Release|x64.Build.0 = Release|x64
		{EB973B68-A84E-484D-8B3C-4DA09DFCE201}.Release|x86.ActiveCfg = Release|Win32
		{EB973B68-A84E-484D-8B3C-4DA09DFCE201}.Release|x86.Build.0 = Release|Win32
	EndGlobalSection
	GlobalSection(SolutionProperties) = preSolution
		HideSolutionNode = FALSE
	EndGlobalSection
	GlobalSection(ExtensibilityGlobals) = postSolution
		SolutionGuid = {E65656CA-8D66-476E-9D54-AA6C81715EFE}
	EndGlobalSection
EndGlobal
